
Microsoft Visual Studio Solution File, Format Version 12.00
# Visual Studio 14
VisualStudioVersion = 14.0.25420.1
MinimumVisualStudioVersion = 10.0.40219.1
Project("{2150E333-8FDC-42A3-9474-1A3956D46DE8}") = "src", "src", "{0B7DDC26-F294-4FA2-869A-F9E23FA3644B}"
EndProject
Project("{2150E333-8FDC-42A3-9474-1A3956D46DE8}") = "Solution Items", "Solution Items", "{7C53B0FA-ED7D-4CE4-A78D-077F5BFBD1CE}"
	ProjectSection(SolutionItems) = preProject
		global.json = global.json
	EndProjectSection
EndProject
Project("{8BB2217D-0F2D-49D1-97BC-3654ED321F3B}") = "CodeRedCreations", "src\CodeRedCreations\CodeRedCreations.xproj", "{7C131D87-D924-4BB4-822C-F9F95A5B1DD8}"
EndProject
Global
	GlobalSection(SolutionConfigurationPlatforms) = preSolution
		Debug|Any CPU = Debug|Any CPU
		Release|Any CPU = Release|Any CPU
	EndGlobalSection
	GlobalSection(ProjectConfigurationPlatforms) = postSolution
		{7C131D87-D924-4BB4-822C-F9F95A5B1DD8}.Debug|Any CPU.ActiveCfg = Debug|Any CPU
		{7C131D87-D924-4BB4-822C-F9F95A5B1DD8}.Debug|Any CPU.Build.0 = Debug|Any CPU
		{7C131D87-D924-4BB4-822C-F9F95A5B1DD8}.Release|Any CPU.ActiveCfg = Release|Any CPU
		{7C131D87-D924-4BB4-822C-F9F95A5B1DD8}.Release|Any CPU.Build.0 = Release|Any CPU
	EndGlobalSection
	GlobalSection(SolutionProperties) = preSolution
		HideSolutionNode = FALSE
	EndGlobalSection
	GlobalSection(NestedProjects) = preSolution
		{7C131D87-D924-4BB4-822C-F9F95A5B1DD8} = {0B7DDC26-F294-4FA2-869A-F9E23FA3644B}
	EndGlobalSection
EndGlobal
